
Microsoft Visual Studio Solution File, Format Version 12.00
# Visual Studio Version 17
VisualStudioVersion = 17.4.33205.214
MinimumVisualStudioVersion = 10.0.40219.1
Project("{FAE04EC0-301F-11D3-BF4B-00C04F79EFBC}") = "SinglyLinked", "SinglyLinked\SinglyLinked.csproj", "{0B6FA5A8-73FD-4553-9D13-0F2C799EC650}"
EndProject
Global
	GlobalSection(SolutionConfigurationPlatforms) = preSolution
		Debug|Any CPU = Debug|Any CPU
		Release|Any CPU = Release|Any CPU
	EndGlobalSection
	GlobalSection(ProjectConfigurationPlatforms) = postSolution
		{0B6FA5A8-73FD-4553-9D13-0F2C799EC650}.Debug|Any CPU.ActiveCfg = Debug|Any CPU
		{0B6FA5A8-73FD-4553-9D13-0F2C799EC650}.Debug|Any CPU.Build.0 = Debug|Any CPU
		{0B6FA5A8-73FD-4553-9D13-0F2C799EC650}.Release|Any CPU.ActiveCfg = Release|Any CPU
		{0B6FA5A8-73FD-4553-9D13-0F2C799EC650}.Release|Any CPU.Build.0 = Release|Any CPU
	EndGlobalSection
	GlobalSection(SolutionProperties) = preSolution
		HideSolutionNode = FALSE
	EndGlobalSection
	GlobalSection(ExtensibilityGlobals) = postSolution
		SolutionGuid = {AE88F118-F2B8-4A17-B4AA-65A1EDDBEFBE}
	EndGlobalSection
EndGlobal
